// !$*UTF8*$!
{
	archiveVersion = 1;
	classes = {
	};
	objectVersion = 55;
	objects = {

/* Begin PBXBuildFile section */
		0E93F19A2858676F00AC8898 /* MusicSearchView.swift in Sources */ = {isa = PBXBuildFile; fileRef = 0E93F1992858676F00AC8898 /* MusicSearchView.swift */; };
		0E93F19C2858679B00AC8898 /* SearchDataModel.swift in Sources */ = {isa = PBXBuildFile; fileRef = 0E93F19B2858679B00AC8898 /* SearchDataModel.swift */; };
		0E93F19E2858689300AC8898 /* MusicSearchApp.swift in Sources */ = {isa = PBXBuildFile; fileRef = 0E93F19D2858689300AC8898 /* MusicSearchApp.swift */; };
		0E93F1A0285869F100AC8898 /* TicketWritingView.swift in Sources */ = {isa = PBXBuildFile; fileRef = 0E93F19F285869F100AC8898 /* TicketWritingView.swift */; };
		0E93F1A228586A8700AC8898 /* SongListViewModel.swift in Sources */ = {isa = PBXBuildFile; fileRef = 0E93F1A128586A8700AC8898 /* SongListViewModel.swift */; };
		0E93F1A428586AB000AC8898 /* ArtworkLoader.swift in Sources */ = {isa = PBXBuildFile; fileRef = 0E93F1A328586AB000AC8898 /* ArtworkLoader.swift */; };
		4452235E2858360500F456CD /* FirebaseAuth in Frameworks */ = {isa = PBXBuildFile; productRef = 4452235D2858360500F456CD /* FirebaseAuth */; };
		445223602858360500F456CD /* FirebaseDatabase in Frameworks */ = {isa = PBXBuildFile; productRef = 4452235F2858360500F456CD /* FirebaseDatabase */; };
		445223622858360500F456CD /* FirebaseFirestore in Frameworks */ = {isa = PBXBuildFile; productRef = 445223612858360500F456CD /* FirebaseFirestore */; };
		445223642858360500F456CD /* FirebaseStorage in Frameworks */ = {isa = PBXBuildFile; productRef = 445223632858360500F456CD /* FirebaseStorage */; };
		63B2EC6F2856BE5200E9E9CA /* TicketView.swift in Sources */ = {isa = PBXBuildFile; fileRef = 63B2EC6E2856BE5200E9E9CA /* TicketView.swift */; };
		63B2EC71285765D100E9E9CA /* Animation.swift in Sources */ = {isa = PBXBuildFile; fileRef = 63B2EC70285765D100E9E9CA /* Animation.swift */; };
		84A776742852D809001FC86E /* MuseApp.swift in Sources */ = {isa = PBXBuildFile; fileRef = 84A776732852D809001FC86E /* MuseApp.swift */; };
		84A776762852D809001FC86E /* ContentView.swift in Sources */ = {isa = PBXBuildFile; fileRef = 84A776752852D809001FC86E /* ContentView.swift */; };
		84A776782852D80A001FC86E /* Assets.xcassets in Resources */ = {isa = PBXBuildFile; fileRef = 84A776772852D80A001FC86E /* Assets.xcassets */; };
		84A7767B2852D80A001FC86E /* Preview Assets.xcassets in Resources */ = {isa = PBXBuildFile; fileRef = 84A7767A2852D80A001FC86E /* Preview Assets.xcassets */; };
		84A776852852D80A001FC86E /* MuseTests.swift in Sources */ = {isa = PBXBuildFile; fileRef = 84A776842852D80A001FC86E /* MuseTests.swift */; };
		84A7768F2852D80A001FC86E /* MuseUITests.swift in Sources */ = {isa = PBXBuildFile; fileRef = 84A7768E2852D80A001FC86E /* MuseUITests.swift */; };
		84A776912852D80A001FC86E /* MuseUITestsLaunchTests.swift in Sources */ = {isa = PBXBuildFile; fileRef = 84A776902852D80A001FC86E /* MuseUITestsLaunchTests.swift */; };
		84A7769E2852EF75001FC86E /* MainView.swift in Sources */ = {isa = PBXBuildFile; fileRef = 84A7769D2852EF75001FC86E /* MainView.swift */; };
		84A776A02852FD70001FC86E /* MyPageView.swift in Sources */ = {isa = PBXBuildFile; fileRef = 84A7769F2852FD70001FC86E /* MyPageView.swift */; };
		84A776A2285301BF001FC86E /* MakeTicketView.swift in Sources */ = {isa = PBXBuildFile; fileRef = 84A776A1285301BF001FC86E /* MakeTicketView.swift */; };
		84DC485A2856DEB300EE8067 /* TicketListView.swift in Sources */ = {isa = PBXBuildFile; fileRef = 84DC48592856DEB300EE8067 /* TicketListView.swift */; };
		A2AC011028582DC300130CB8 /* ResisterView.swift in Sources */ = {isa = PBXBuildFile; fileRef = A2AC010728582DC300130CB8 /* ResisterView.swift */; };
		A2AC011128582DC300130CB8 /* RegistrationViewModel.swift in Sources */ = {isa = PBXBuildFile; fileRef = A2AC010828582DC300130CB8 /* RegistrationViewModel.swift */; };
		A2AC011228582DC300130CB8 /* RegistrationService.swift in Sources */ = {isa = PBXBuildFile; fileRef = A2AC010928582DC300130CB8 /* RegistrationService.swift */; };
		A2AC011328582DC300130CB8 /* LoginViewModel.swift in Sources */ = {isa = PBXBuildFile; fileRef = A2AC010B28582DC300130CB8 /* LoginViewModel.swift */; };
		A2AC011428582DC300130CB8 /* LoginView.swift in Sources */ = {isa = PBXBuildFile; fileRef = A2AC010C28582DC300130CB8 /* LoginView.swift */; };
		A2AC011528582DC300130CB8 /* LoginService.swift in Sources */ = {isa = PBXBuildFile; fileRef = A2AC010D28582DC300130CB8 /* LoginService.swift */; };
		A2AC011628582DC300130CB8 /* SessionService.swift in Sources */ = {isa = PBXBuildFile; fileRef = A2AC010F28582DC300130CB8 /* SessionService.swift */; };
		A2AC011A28582DC900130CB8 /* AuthTextField.swift in Sources */ = {isa = PBXBuildFile; fileRef = A2AC011828582DC900130CB8 /* AuthTextField.swift */; };
		A2AC011B28582DC900130CB8 /* AuthButton.swift in Sources */ = {isa = PBXBuildFile; fileRef = A2AC011928582DC900130CB8 /* AuthButton.swift */; };
		A2AC011D28582E5300130CB8 /* GoogleService-Info.plist in Resources */ = {isa = PBXBuildFile; fileRef = A2AC011C28582E5300130CB8 /* GoogleService-Info.plist */; };
		DD983DAB285392FE00F8AD94 /* Color.swift in Sources */ = {isa = PBXBuildFile; fileRef = DD983DAA285392FE00F8AD94 /* Color.swift */; };
/* End PBXBuildFile section */

/* Begin PBXContainerItemProxy section */
		84A776812852D80A001FC86E /* PBXContainerItemProxy */ = {
			isa = PBXContainerItemProxy;
			containerPortal = 84A776682852D809001FC86E /* Project object */;
			proxyType = 1;
			remoteGlobalIDString = 84A7766F2852D809001FC86E;
			remoteInfo = Muse;
		};
		84A7768B2852D80A001FC86E /* PBXContainerItemProxy */ = {
			isa = PBXContainerItemProxy;
			containerPortal = 84A776682852D809001FC86E /* Project object */;
			proxyType = 1;
			remoteGlobalIDString = 84A7766F2852D809001FC86E;
			remoteInfo = Muse;
		};
/* End PBXContainerItemProxy section */

/* Begin PBXFileReference section */
		0E93F1992858676F00AC8898 /* MusicSearchView.swift */ = {isa = PBXFileReference; lastKnownFileType = sourcecode.swift; path = MusicSearchView.swift; sourceTree = "<group>"; };
		0E93F19B2858679B00AC8898 /* SearchDataModel.swift */ = {isa = PBXFileReference; lastKnownFileType = sourcecode.swift; path = SearchDataModel.swift; sourceTree = "<group>"; };
		0E93F19D2858689300AC8898 /* MusicSearchApp.swift */ = {isa = PBXFileReference; lastKnownFileType = sourcecode.swift; path = MusicSearchApp.swift; sourceTree = "<group>"; };
		0E93F19F285869F100AC8898 /* TicketWritingView.swift */ = {isa = PBXFileReference; lastKnownFileType = sourcecode.swift; path = TicketWritingView.swift; sourceTree = "<group>"; };
		0E93F1A128586A8700AC8898 /* SongListViewModel.swift */ = {isa = PBXFileReference; lastKnownFileType = sourcecode.swift; path = SongListViewModel.swift; sourceTree = "<group>"; };
		0E93F1A328586AB000AC8898 /* ArtworkLoader.swift */ = {isa = PBXFileReference; lastKnownFileType = sourcecode.swift; path = ArtworkLoader.swift; sourceTree = "<group>"; };
		63B2EC6E2856BE5200E9E9CA /* TicketView.swift */ = {isa = PBXFileReference; lastKnownFileType = sourcecode.swift; path = TicketView.swift; sourceTree = "<group>"; };
		63B2EC70285765D100E9E9CA /* Animation.swift */ = {isa = PBXFileReference; lastKnownFileType = sourcecode.swift; path = Animation.swift; sourceTree = "<group>"; };
		84A776702852D809001FC86E /* Muse.app */ = {isa = PBXFileReference; explicitFileType = wrapper.application; includeInIndex = 0; path = Muse.app; sourceTree = BUILT_PRODUCTS_DIR; };
		84A776732852D809001FC86E /* MuseApp.swift */ = {isa = PBXFileReference; lastKnownFileType = sourcecode.swift; path = MuseApp.swift; sourceTree = "<group>"; };
		84A776752852D809001FC86E /* ContentView.swift */ = {isa = PBXFileReference; lastKnownFileType = sourcecode.swift; path = ContentView.swift; sourceTree = "<group>"; };
		84A776772852D80A001FC86E /* Assets.xcassets */ = {isa = PBXFileReference; lastKnownFileType = folder.assetcatalog; path = Assets.xcassets; sourceTree = "<group>"; };
		84A7767A2852D80A001FC86E /* Preview Assets.xcassets */ = {isa = PBXFileReference; lastKnownFileType = folder.assetcatalog; path = "Preview Assets.xcassets"; sourceTree = "<group>"; };
		84A776802852D80A001FC86E /* MuseTests.xctest */ = {isa = PBXFileReference; explicitFileType = wrapper.cfbundle; includeInIndex = 0; path = MuseTests.xctest; sourceTree = BUILT_PRODUCTS_DIR; };
		84A776842852D80A001FC86E /* MuseTests.swift */ = {isa = PBXFileReference; lastKnownFileType = sourcecode.swift; path = MuseTests.swift; sourceTree = "<group>"; };
		84A7768A2852D80A001FC86E /* MuseUITests.xctest */ = {isa = PBXFileReference; explicitFileType = wrapper.cfbundle; includeInIndex = 0; path = MuseUITests.xctest; sourceTree = BUILT_PRODUCTS_DIR; };
		84A7768E2852D80A001FC86E /* MuseUITests.swift */ = {isa = PBXFileReference; lastKnownFileType = sourcecode.swift; path = MuseUITests.swift; sourceTree = "<group>"; };
		84A776902852D80A001FC86E /* MuseUITestsLaunchTests.swift */ = {isa = PBXFileReference; lastKnownFileType = sourcecode.swift; path = MuseUITestsLaunchTests.swift; sourceTree = "<group>"; };
		84A7769D2852EF75001FC86E /* MainView.swift */ = {isa = PBXFileReference; lastKnownFileType = sourcecode.swift; path = MainView.swift; sourceTree = "<group>"; };
		84A7769F2852FD70001FC86E /* MyPageView.swift */ = {isa = PBXFileReference; lastKnownFileType = sourcecode.swift; path = MyPageView.swift; sourceTree = "<group>"; };
		84A776A1285301BF001FC86E /* MakeTicketView.swift */ = {isa = PBXFileReference; lastKnownFileType = sourcecode.swift; path = MakeTicketView.swift; sourceTree = "<group>"; };
		84DC48592856DEB300EE8067 /* TicketListView.swift */ = {isa = PBXFileReference; lastKnownFileType = sourcecode.swift; path = TicketListView.swift; sourceTree = "<group>"; };
		A2AC010728582DC300130CB8 /* ResisterView.swift */ = {isa = PBXFileReference; fileEncoding = 4; lastKnownFileType = sourcecode.swift; path = ResisterView.swift; sourceTree = "<group>"; };
		A2AC010828582DC300130CB8 /* RegistrationViewModel.swift */ = {isa = PBXFileReference; fileEncoding = 4; lastKnownFileType = sourcecode.swift; path = RegistrationViewModel.swift; sourceTree = "<group>"; };
		A2AC010928582DC300130CB8 /* RegistrationService.swift */ = {isa = PBXFileReference; fileEncoding = 4; lastKnownFileType = sourcecode.swift; path = RegistrationService.swift; sourceTree = "<group>"; };
		A2AC010B28582DC300130CB8 /* LoginViewModel.swift */ = {isa = PBXFileReference; fileEncoding = 4; lastKnownFileType = sourcecode.swift; path = LoginViewModel.swift; sourceTree = "<group>"; };
		A2AC010C28582DC300130CB8 /* LoginView.swift */ = {isa = PBXFileReference; fileEncoding = 4; lastKnownFileType = sourcecode.swift; path = LoginView.swift; sourceTree = "<group>"; };
		A2AC010D28582DC300130CB8 /* LoginService.swift */ = {isa = PBXFileReference; fileEncoding = 4; lastKnownFileType = sourcecode.swift; path = LoginService.swift; sourceTree = "<group>"; };
		A2AC010F28582DC300130CB8 /* SessionService.swift */ = {isa = PBXFileReference; fileEncoding = 4; lastKnownFileType = sourcecode.swift; path = SessionService.swift; sourceTree = "<group>"; };
		A2AC011828582DC900130CB8 /* AuthTextField.swift */ = {isa = PBXFileReference; fileEncoding = 4; lastKnownFileType = sourcecode.swift; path = AuthTextField.swift; sourceTree = "<group>"; };
		A2AC011928582DC900130CB8 /* AuthButton.swift */ = {isa = PBXFileReference; fileEncoding = 4; lastKnownFileType = sourcecode.swift; path = AuthButton.swift; sourceTree = "<group>"; };
		A2AC011C28582E5300130CB8 /* GoogleService-Info.plist */ = {isa = PBXFileReference; fileEncoding = 4; lastKnownFileType = text.plist.xml; path = "GoogleService-Info.plist"; sourceTree = "<group>"; };
		DD983DAA285392FE00F8AD94 /* Color.swift */ = {isa = PBXFileReference; lastKnownFileType = sourcecode.swift; path = Color.swift; sourceTree = "<group>"; };
/* End PBXFileReference section */

/* Begin PBXFrameworksBuildPhase section */
		84A7766D2852D809001FC86E /* Frameworks */ = {
			isa = PBXFrameworksBuildPhase;
			buildActionMask = 2147483647;
			files = (
				445223602858360500F456CD /* FirebaseDatabase in Frameworks */,
				445223642858360500F456CD /* FirebaseStorage in Frameworks */,
				4452235E2858360500F456CD /* FirebaseAuth in Frameworks */,
				445223622858360500F456CD /* FirebaseFirestore in Frameworks */,
			);
			runOnlyForDeploymentPostprocessing = 0;
		};
		84A7767D2852D80A001FC86E /* Frameworks */ = {
			isa = PBXFrameworksBuildPhase;
			buildActionMask = 2147483647;
			files = (
			);
			runOnlyForDeploymentPostprocessing = 0;
		};
		84A776872852D80A001FC86E /* Frameworks */ = {
			isa = PBXFrameworksBuildPhase;
			buildActionMask = 2147483647;
			files = (
			);
			runOnlyForDeploymentPostprocessing = 0;
		};
/* End PBXFrameworksBuildPhase section */

/* Begin PBXGroup section */
		0E93F1962858670500AC8898 /* MusicSeach */ = {
			isa = PBXGroup;
			children = (
				0E93F19F285869F100AC8898 /* TicketWritingView.swift */,
				0E93F1A128586A8700AC8898 /* SongListViewModel.swift */,
				0E93F1A328586AB000AC8898 /* ArtworkLoader.swift */,
				0E93F19D2858689300AC8898 /* MusicSearchApp.swift */,
				0E93F1992858676F00AC8898 /* MusicSearchView.swift */,
				0E93F19B2858679B00AC8898 /* SearchDataModel.swift */,
			);
			path = MusicSeach;
			sourceTree = "<group>";
		};
		84A776672852D809001FC86E = {
			isa = PBXGroup;
			children = (
				84A776722852D809001FC86E /* Muse */,
				84A776832852D80A001FC86E /* MuseTests */,
				84A7768D2852D80A001FC86E /* MuseUITests */,
				84A776712852D809001FC86E /* Products */,
			);
			sourceTree = "<group>";
		};
		84A776712852D809001FC86E /* Products */ = {
			isa = PBXGroup;
			children = (
				84A776702852D809001FC86E /* Muse.app */,
				84A776802852D80A001FC86E /* MuseTests.xctest */,
				84A7768A2852D80A001FC86E /* MuseUITests.xctest */,
			);
			name = Products;
			sourceTree = "<group>";
		};
		84A776722852D809001FC86E /* Muse */ = {
			isa = PBXGroup;
			children = (
				84A776A528532628001FC86E /* Main */,
				0E93F1962858670500AC8898 /* MusicSeach */,
				A2AC011C28582E5300130CB8 /* GoogleService-Info.plist */,
				A2AC011728582DC900130CB8 /* Base */,
				A2AC010528582DC300130CB8 /* Auth */,
				84A776732852D809001FC86E /* MuseApp.swift */,
				84A776752852D809001FC86E /* ContentView.swift */,
				84A776A628532632001FC86E /* MyPage */,
				84A776A72853264A001FC86E /* MakeTicket */,
				84A776772852D80A001FC86E /* Assets.xcassets */,
				DD983DAA285392FE00F8AD94 /* Color.swift */,
				84A776792852D80A001FC86E /* Preview Content */,
			);
			path = Muse;
			sourceTree = "<group>";
		};
		84A776792852D80A001FC86E /* Preview Content */ = {
			isa = PBXGroup;
			children = (
				84A7767A2852D80A001FC86E /* Preview Assets.xcassets */,
			);
			path = "Preview Content";
			sourceTree = "<group>";
		};
		84A776832852D80A001FC86E /* MuseTests */ = {
			isa = PBXGroup;
			children = (
				84A776842852D80A001FC86E /* MuseTests.swift */,
			);
			path = MuseTests;
			sourceTree = "<group>";
		};
		84A7768D2852D80A001FC86E /* MuseUITests */ = {
			isa = PBXGroup;
			children = (
				84A7768E2852D80A001FC86E /* MuseUITests.swift */,
				84A776902852D80A001FC86E /* MuseUITestsLaunchTests.swift */,
			);
			path = MuseUITests;
			sourceTree = "<group>";
		};
		84A776A528532628001FC86E /* Main */ = {
			isa = PBXGroup;
			children = (
				84A7769D2852EF75001FC86E /* MainView.swift */,
				63B2EC6E2856BE5200E9E9CA /* TicketView.swift */,
				63B2EC70285765D100E9E9CA /* Animation.swift */,
			);
			path = Main;
			sourceTree = "<group>";
		};
		84A776A628532632001FC86E /* MyPage */ = {
			isa = PBXGroup;
			children = (
				84A7769F2852FD70001FC86E /* MyPageView.swift */,
				84DC48592856DEB300EE8067 /* TicketListView.swift */,
			);
			path = MyPage;
			sourceTree = "<group>";
		};
		84A776A72853264A001FC86E /* MakeTicket */ = {
			isa = PBXGroup;
			children = (
				84A776A1285301BF001FC86E /* MakeTicketView.swift */,
			);
			path = MakeTicket;
			sourceTree = "<group>";
		};
		A2AC010528582DC300130CB8 /* Auth */ = {
			isa = PBXGroup;
			children = (
				A2AC010628582DC300130CB8 /* Resister */,
				A2AC010A28582DC300130CB8 /* Login */,
				A2AC010E28582DC300130CB8 /* Session */,
			);
			path = Auth;
			sourceTree = "<group>";
		};
		A2AC010628582DC300130CB8 /* Resister */ = {
			isa = PBXGroup;
			children = (
				A2AC010728582DC300130CB8 /* ResisterView.swift */,
				A2AC010828582DC300130CB8 /* RegistrationViewModel.swift */,
				A2AC010928582DC300130CB8 /* RegistrationService.swift */,
			);
			path = Resister;
			sourceTree = "<group>";
		};
		A2AC010A28582DC300130CB8 /* Login */ = {
			isa = PBXGroup;
			children = (
				A2AC010B28582DC300130CB8 /* LoginViewModel.swift */,
				A2AC010C28582DC300130CB8 /* LoginView.swift */,
				A2AC010D28582DC300130CB8 /* LoginService.swift */,
			);
			path = Login;
			sourceTree = "<group>";
		};
		A2AC010E28582DC300130CB8 /* Session */ = {
			isa = PBXGroup;
			children = (
				A2AC010F28582DC300130CB8 /* SessionService.swift */,
			);
			path = Session;
			sourceTree = "<group>";
		};
		A2AC011728582DC900130CB8 /* Base */ = {
			isa = PBXGroup;
			children = (
				A2AC011828582DC900130CB8 /* AuthTextField.swift */,
				A2AC011928582DC900130CB8 /* AuthButton.swift */,
			);
			path = Base;
			sourceTree = "<group>";
		};
/* End PBXGroup section */

/* Begin PBXNativeTarget section */
		84A7766F2852D809001FC86E /* Muse */ = {
			isa = PBXNativeTarget;
			buildConfigurationList = 84A776942852D80A001FC86E /* Build configuration list for PBXNativeTarget "Muse" */;
			buildPhases = (
				84A7766C2852D809001FC86E /* Sources */,
				84A7766D2852D809001FC86E /* Frameworks */,
				84A7766E2852D809001FC86E /* Resources */,
			);
			buildRules = (
			);
			dependencies = (
			);
			name = Muse;
			packageProductDependencies = (
				4452235D2858360500F456CD /* FirebaseAuth */,
				4452235F2858360500F456CD /* FirebaseDatabase */,
				445223612858360500F456CD /* FirebaseFirestore */,
				445223632858360500F456CD /* FirebaseStorage */,
			);
			productName = Muse;
			productReference = 84A776702852D809001FC86E /* Muse.app */;
			productType = "com.apple.product-type.application";
		};
		84A7767F2852D80A001FC86E /* MuseTests */ = {
			isa = PBXNativeTarget;
			buildConfigurationList = 84A776972852D80A001FC86E /* Build configuration list for PBXNativeTarget "MuseTests" */;
			buildPhases = (
				84A7767C2852D80A001FC86E /* Sources */,
				84A7767D2852D80A001FC86E /* Frameworks */,
				84A7767E2852D80A001FC86E /* Resources */,
			);
			buildRules = (
			);
			dependencies = (
				84A776822852D80A001FC86E /* PBXTargetDependency */,
			);
			name = MuseTests;
			productName = MuseTests;
			productReference = 84A776802852D80A001FC86E /* MuseTests.xctest */;
			productType = "com.apple.product-type.bundle.unit-test";
		};
		84A776892852D80A001FC86E /* MuseUITests */ = {
			isa = PBXNativeTarget;
			buildConfigurationList = 84A7769A2852D80A001FC86E /* Build configuration list for PBXNativeTarget "MuseUITests" */;
			buildPhases = (
				84A776862852D80A001FC86E /* Sources */,
				84A776872852D80A001FC86E /* Frameworks */,
				84A776882852D80A001FC86E /* Resources */,
			);
			buildRules = (
			);
			dependencies = (
				84A7768C2852D80A001FC86E /* PBXTargetDependency */,
			);
			name = MuseUITests;
			productName = MuseUITests;
			productReference = 84A7768A2852D80A001FC86E /* MuseUITests.xctest */;
			productType = "com.apple.product-type.bundle.ui-testing";
		};
/* End PBXNativeTarget section */

/* Begin PBXProject section */
		84A776682852D809001FC86E /* Project object */ = {
			isa = PBXProject;
			attributes = {
				BuildIndependentTargetsInParallel = 1;
				LastSwiftUpdateCheck = 1330;
				LastUpgradeCheck = 1330;
				TargetAttributes = {
					84A7766F2852D809001FC86E = {
						CreatedOnToolsVersion = 13.3;
					};
					84A7767F2852D80A001FC86E = {
						CreatedOnToolsVersion = 13.3;
						TestTargetID = 84A7766F2852D809001FC86E;
					};
					84A776892852D80A001FC86E = {
						CreatedOnToolsVersion = 13.3;
						TestTargetID = 84A7766F2852D809001FC86E;
					};
				};
			};
			buildConfigurationList = 84A7766B2852D809001FC86E /* Build configuration list for PBXProject "Muse" */;
			compatibilityVersion = "Xcode 13.0";
			developmentRegion = en;
			hasScannedForEncodings = 0;
			knownRegions = (
				en,
				Base,
			);
			mainGroup = 84A776672852D809001FC86E;
			packageReferences = (
				4452235C2858360500F456CD /* XCRemoteSwiftPackageReference "firebase-ios-sdk" */,
			);
			productRefGroup = 84A776712852D809001FC86E /* Products */;
			projectDirPath = "";
			projectRoot = "";
			targets = (
				84A7766F2852D809001FC86E /* Muse */,
				84A7767F2852D80A001FC86E /* MuseTests */,
				84A776892852D80A001FC86E /* MuseUITests */,
			);
		};
/* End PBXProject section */

/* Begin PBXResourcesBuildPhase section */
		84A7766E2852D809001FC86E /* Resources */ = {
			isa = PBXResourcesBuildPhase;
			buildActionMask = 2147483647;
			files = (
				84A7767B2852D80A001FC86E /* Preview Assets.xcassets in Resources */,
				84A776782852D80A001FC86E /* Assets.xcassets in Resources */,
				A2AC011D28582E5300130CB8 /* GoogleService-Info.plist in Resources */,
			);
			runOnlyForDeploymentPostprocessing = 0;
		};
		84A7767E2852D80A001FC86E /* Resources */ = {
			isa = PBXResourcesBuildPhase;
			buildActionMask = 2147483647;
			files = (
			);
			runOnlyForDeploymentPostprocessing = 0;
		};
		84A776882852D80A001FC86E /* Resources */ = {
			isa = PBXResourcesBuildPhase;
			buildActionMask = 2147483647;
			files = (
			);
			runOnlyForDeploymentPostprocessing = 0;
		};
/* End PBXResourcesBuildPhase section */

/* Begin PBXSourcesBuildPhase section */
		84A7766C2852D809001FC86E /* Sources */ = {
			isa = PBXSourcesBuildPhase;
			buildActionMask = 2147483647;
			files = (
				84A776762852D809001FC86E /* ContentView.swift in Sources */,
				0E93F1A0285869F100AC8898 /* TicketWritingView.swift in Sources */,
				A2AC011B28582DC900130CB8 /* AuthButton.swift in Sources */,
				84A776A02852FD70001FC86E /* MyPageView.swift in Sources */,
				63B2EC71285765D100E9E9CA /* Animation.swift in Sources */,
				84A7769E2852EF75001FC86E /* MainView.swift in Sources */,
				84A776742852D809001FC86E /* MuseApp.swift in Sources */,
				0E93F1A428586AB000AC8898 /* ArtworkLoader.swift in Sources */,
				0E93F19A2858676F00AC8898 /* MusicSearchView.swift in Sources */,
				A2AC011228582DC300130CB8 /* RegistrationService.swift in Sources */,
				0E93F1A228586A8700AC8898 /* SongListViewModel.swift in Sources */,
				A2AC011028582DC300130CB8 /* ResisterView.swift in Sources */,
				A2AC011128582DC300130CB8 /* RegistrationViewModel.swift in Sources */,
				A2AC011628582DC300130CB8 /* SessionService.swift in Sources */,
				A2AC011528582DC300130CB8 /* LoginService.swift in Sources */,
				A2AC011A28582DC900130CB8 /* AuthTextField.swift in Sources */,
				84A776A2285301BF001FC86E /* MakeTicketView.swift in Sources */,
				A2AC011428582DC300130CB8 /* LoginView.swift in Sources */,
				A2AC011328582DC300130CB8 /* LoginViewModel.swift in Sources */,
				84DC485A2856DEB300EE8067 /* TicketListView.swift in Sources */,
				84A776A2285301BF001FC86E /* MakeTicketView.swift in Sources */,
				63B2EC6F2856BE5200E9E9CA /* TicketView.swift in Sources */,
				0E93F19E2858689300AC8898 /* MusicSearchApp.swift in Sources */,
				DD983DAB285392FE00F8AD94 /* Color.swift in Sources */,
				0E93F19C2858679B00AC8898 /* SearchDataModel.swift in Sources */,
			);
			runOnlyForDeploymentPostprocessing = 0;
		};
		84A7767C2852D80A001FC86E /* Sources */ = {
			isa = PBXSourcesBuildPhase;
			buildActionMask = 2147483647;
			files = (
				84A776852852D80A001FC86E /* MuseTests.swift in Sources */,
			);
			runOnlyForDeploymentPostprocessing = 0;
		};
		84A776862852D80A001FC86E /* Sources */ = {
			isa = PBXSourcesBuildPhase;
			buildActionMask = 2147483647;
			files = (
				84A776912852D80A001FC86E /* MuseUITestsLaunchTests.swift in Sources */,
				84A7768F2852D80A001FC86E /* MuseUITests.swift in Sources */,
			);
			runOnlyForDeploymentPostprocessing = 0;
		};
/* End PBXSourcesBuildPhase section */

/* Begin PBXTargetDependency section */
		84A776822852D80A001FC86E /* PBXTargetDependency */ = {
			isa = PBXTargetDependency;
			target = 84A7766F2852D809001FC86E /* Muse */;
			targetProxy = 84A776812852D80A001FC86E /* PBXContainerItemProxy */;
		};
		84A7768C2852D80A001FC86E /* PBXTargetDependency */ = {
			isa = PBXTargetDependency;
			target = 84A7766F2852D809001FC86E /* Muse */;
			targetProxy = 84A7768B2852D80A001FC86E /* PBXContainerItemProxy */;
		};
/* End PBXTargetDependency section */

/* Begin XCBuildConfiguration section */
		84A776922852D80A001FC86E /* Debug */ = {
			isa = XCBuildConfiguration;
			buildSettings = {
				ALWAYS_SEARCH_USER_PATHS = NO;
				CLANG_ANALYZER_NONNULL = YES;
				CLANG_ANALYZER_NUMBER_OBJECT_CONVERSION = YES_AGGRESSIVE;
				CLANG_CXX_LANGUAGE_STANDARD = "gnu++17";
				CLANG_ENABLE_MODULES = YES;
				CLANG_ENABLE_OBJC_ARC = YES;
				CLANG_ENABLE_OBJC_WEAK = YES;
				CLANG_WARN_BLOCK_CAPTURE_AUTORELEASING = YES;
				CLANG_WARN_BOOL_CONVERSION = YES;
				CLANG_WARN_COMMA = YES;
				CLANG_WARN_CONSTANT_CONVERSION = YES;
				CLANG_WARN_DEPRECATED_OBJC_IMPLEMENTATIONS = YES;
				CLANG_WARN_DIRECT_OBJC_ISA_USAGE = YES_ERROR;
				CLANG_WARN_DOCUMENTATION_COMMENTS = YES;
				CLANG_WARN_EMPTY_BODY = YES;
				CLANG_WARN_ENUM_CONVERSION = YES;
				CLANG_WARN_INFINITE_RECURSION = YES;
				CLANG_WARN_INT_CONVERSION = YES;
				CLANG_WARN_NON_LITERAL_NULL_CONVERSION = YES;
				CLANG_WARN_OBJC_IMPLICIT_RETAIN_SELF = YES;
				CLANG_WARN_OBJC_LITERAL_CONVERSION = YES;
				CLANG_WARN_OBJC_ROOT_CLASS = YES_ERROR;
				CLANG_WARN_QUOTED_INCLUDE_IN_FRAMEWORK_HEADER = YES;
				CLANG_WARN_RANGE_LOOP_ANALYSIS = YES;
				CLANG_WARN_STRICT_PROTOTYPES = YES;
				CLANG_WARN_SUSPICIOUS_MOVE = YES;
				CLANG_WARN_UNGUARDED_AVAILABILITY = YES_AGGRESSIVE;
				CLANG_WARN_UNREACHABLE_CODE = YES;
				CLANG_WARN__DUPLICATE_METHOD_MATCH = YES;
				COPY_PHASE_STRIP = NO;
				DEBUG_INFORMATION_FORMAT = dwarf;
				ENABLE_STRICT_OBJC_MSGSEND = YES;
				ENABLE_TESTABILITY = YES;
				GCC_C_LANGUAGE_STANDARD = gnu11;
				GCC_DYNAMIC_NO_PIC = NO;
				GCC_NO_COMMON_BLOCKS = YES;
				GCC_OPTIMIZATION_LEVEL = 0;
				GCC_PREPROCESSOR_DEFINITIONS = (
					"DEBUG=1",
					"$(inherited)",
				);
				GCC_WARN_64_TO_32_BIT_CONVERSION = YES;
				GCC_WARN_ABOUT_RETURN_TYPE = YES_ERROR;
				GCC_WARN_UNDECLARED_SELECTOR = YES;
				GCC_WARN_UNINITIALIZED_AUTOS = YES_AGGRESSIVE;
				GCC_WARN_UNUSED_FUNCTION = YES;
				GCC_WARN_UNUSED_VARIABLE = YES;
				IPHONEOS_DEPLOYMENT_TARGET = 15.4;
				MTL_ENABLE_DEBUG_INFO = INCLUDE_SOURCE;
				MTL_FAST_MATH = YES;
				ONLY_ACTIVE_ARCH = YES;
				SDKROOT = iphoneos;
				SWIFT_ACTIVE_COMPILATION_CONDITIONS = DEBUG;
				SWIFT_OPTIMIZATION_LEVEL = "-Onone";
			};
			name = Debug;
		};
		84A776932852D80A001FC86E /* Release */ = {
			isa = XCBuildConfiguration;
			buildSettings = {
				ALWAYS_SEARCH_USER_PATHS = NO;
				CLANG_ANALYZER_NONNULL = YES;
				CLANG_ANALYZER_NUMBER_OBJECT_CONVERSION = YES_AGGRESSIVE;
				CLANG_CXX_LANGUAGE_STANDARD = "gnu++17";
				CLANG_ENABLE_MODULES = YES;
				CLANG_ENABLE_OBJC_ARC = YES;
				CLANG_ENABLE_OBJC_WEAK = YES;
				CLANG_WARN_BLOCK_CAPTURE_AUTORELEASING = YES;
				CLANG_WARN_BOOL_CONVERSION = YES;
				CLANG_WARN_COMMA = YES;
				CLANG_WARN_CONSTANT_CONVERSION = YES;
				CLANG_WARN_DEPRECATED_OBJC_IMPLEMENTATIONS = YES;
				CLANG_WARN_DIRECT_OBJC_ISA_USAGE = YES_ERROR;
				CLANG_WARN_DOCUMENTATION_COMMENTS = YES;
				CLANG_WARN_EMPTY_BODY = YES;
				CLANG_WARN_ENUM_CONVERSION = YES;
				CLANG_WARN_INFINITE_RECURSION = YES;
				CLANG_WARN_INT_CONVERSION = YES;
				CLANG_WARN_NON_LITERAL_NULL_CONVERSION = YES;
				CLANG_WARN_OBJC_IMPLICIT_RETAIN_SELF = YES;
				CLANG_WARN_OBJC_LITERAL_CONVERSION = YES;
				CLANG_WARN_OBJC_ROOT_CLASS = YES_ERROR;
				CLANG_WARN_QUOTED_INCLUDE_IN_FRAMEWORK_HEADER = YES;
				CLANG_WARN_RANGE_LOOP_ANALYSIS = YES;
				CLANG_WARN_STRICT_PROTOTYPES = YES;
				CLANG_WARN_SUSPICIOUS_MOVE = YES;
				CLANG_WARN_UNGUARDED_AVAILABILITY = YES_AGGRESSIVE;
				CLANG_WARN_UNREACHABLE_CODE = YES;
				CLANG_WARN__DUPLICATE_METHOD_MATCH = YES;
				COPY_PHASE_STRIP = NO;
				DEBUG_INFORMATION_FORMAT = "dwarf-with-dsym";
				ENABLE_NS_ASSERTIONS = NO;
				ENABLE_STRICT_OBJC_MSGSEND = YES;
				GCC_C_LANGUAGE_STANDARD = gnu11;
				GCC_NO_COMMON_BLOCKS = YES;
				GCC_WARN_64_TO_32_BIT_CONVERSION = YES;
				GCC_WARN_ABOUT_RETURN_TYPE = YES_ERROR;
				GCC_WARN_UNDECLARED_SELECTOR = YES;
				GCC_WARN_UNINITIALIZED_AUTOS = YES_AGGRESSIVE;
				GCC_WARN_UNUSED_FUNCTION = YES;
				GCC_WARN_UNUSED_VARIABLE = YES;
				IPHONEOS_DEPLOYMENT_TARGET = 15.4;
				MTL_ENABLE_DEBUG_INFO = NO;
				MTL_FAST_MATH = YES;
				SDKROOT = iphoneos;
				SWIFT_COMPILATION_MODE = wholemodule;
				SWIFT_OPTIMIZATION_LEVEL = "-O";
				VALIDATE_PRODUCT = YES;
			};
			name = Release;
		};
		84A776952852D80A001FC86E /* Debug */ = {
			isa = XCBuildConfiguration;
			buildSettings = {
				ASSETCATALOG_COMPILER_APPICON_NAME = AppIcon;
				ASSETCATALOG_COMPILER_GLOBAL_ACCENT_COLOR_NAME = AccentColor;
				CODE_SIGN_STYLE = Automatic;
				CURRENT_PROJECT_VERSION = 1;
				DEVELOPMENT_ASSET_PATHS = "\"Muse/Preview Content\"";
				DEVELOPMENT_TEAM = 848PGS94YW;
				ENABLE_PREVIEWS = YES;
				GENERATE_INFOPLIST_FILE = YES;
				INFOPLIST_KEY_UIApplicationSceneManifest_Generation = YES;
				INFOPLIST_KEY_UIApplicationSupportsIndirectInputEvents = YES;
				INFOPLIST_KEY_UILaunchScreen_Generation = YES;
				INFOPLIST_KEY_UISupportedInterfaceOrientations_iPad = "";
				INFOPLIST_KEY_UISupportedInterfaceOrientations_iPhone = "UIInterfaceOrientationPortrait UIInterfaceOrientationLandscapeLeft UIInterfaceOrientationLandscapeRight";
				LD_RUNPATH_SEARCH_PATHS = (
					"$(inherited)",
					"@executable_path/Frameworks",
				);
				MARKETING_VERSION = 1.0;
				PRODUCT_BUNDLE_IDENTIFIER = com.MC2.Muse;
				PRODUCT_NAME = "$(TARGET_NAME)";
				SWIFT_EMIT_LOC_STRINGS = YES;
				SWIFT_VERSION = 5.0;
				TARGETED_DEVICE_FAMILY = "1,2";
			};
			name = Debug;
		};
		84A776962852D80A001FC86E /* Release */ = {
			isa = XCBuildConfiguration;
			buildSettings = {
				ASSETCATALOG_COMPILER_APPICON_NAME = AppIcon;
				ASSETCATALOG_COMPILER_GLOBAL_ACCENT_COLOR_NAME = AccentColor;
				CODE_SIGN_STYLE = Automatic;
				CURRENT_PROJECT_VERSION = 1;
				DEVELOPMENT_ASSET_PATHS = "\"Muse/Preview Content\"";
				DEVELOPMENT_TEAM = 848PGS94YW;
				ENABLE_PREVIEWS = YES;
				GENERATE_INFOPLIST_FILE = YES;
				INFOPLIST_KEY_UIApplicationSceneManifest_Generation = YES;
				INFOPLIST_KEY_UIApplicationSupportsIndirectInputEvents = YES;
				INFOPLIST_KEY_UILaunchScreen_Generation = YES;
				INFOPLIST_KEY_UISupportedInterfaceOrientations_iPad = "";
				INFOPLIST_KEY_UISupportedInterfaceOrientations_iPhone = "UIInterfaceOrientationPortrait UIInterfaceOrientationLandscapeLeft UIInterfaceOrientationLandscapeRight";
				LD_RUNPATH_SEARCH_PATHS = (
					"$(inherited)",
					"@executable_path/Frameworks",
				);
				MARKETING_VERSION = 1.0;
				PRODUCT_BUNDLE_IDENTIFIER = com.MC2.Muse;
				PRODUCT_NAME = "$(TARGET_NAME)";
				SWIFT_EMIT_LOC_STRINGS = YES;
				SWIFT_VERSION = 5.0;
				TARGETED_DEVICE_FAMILY = "1,2";
			};
			name = Release;
		};
		84A776982852D80A001FC86E /* Debug */ = {
			isa = XCBuildConfiguration;
			buildSettings = {
				ALWAYS_EMBED_SWIFT_STANDARD_LIBRARIES = YES;
				BUNDLE_LOADER = "$(TEST_HOST)";
				CODE_SIGN_STYLE = Automatic;
				CURRENT_PROJECT_VERSION = 1;
				GENERATE_INFOPLIST_FILE = YES;
				IPHONEOS_DEPLOYMENT_TARGET = 15.4;
				MARKETING_VERSION = 1.0;
				PRODUCT_BUNDLE_IDENTIFIER = com.MC2.MuseTests;
				PRODUCT_NAME = "$(TARGET_NAME)";
				SWIFT_EMIT_LOC_STRINGS = NO;
				SWIFT_VERSION = 5.0;
				TARGETED_DEVICE_FAMILY = "1,2";
				TEST_HOST = "$(BUILT_PRODUCTS_DIR)/Muse.app/Muse";
			};
			name = Debug;
		};
		84A776992852D80A001FC86E /* Release */ = {
			isa = XCBuildConfiguration;
			buildSettings = {
				ALWAYS_EMBED_SWIFT_STANDARD_LIBRARIES = YES;
				BUNDLE_LOADER = "$(TEST_HOST)";
				CODE_SIGN_STYLE = Automatic;
				CURRENT_PROJECT_VERSION = 1;
				GENERATE_INFOPLIST_FILE = YES;
				IPHONEOS_DEPLOYMENT_TARGET = 15.4;
				MARKETING_VERSION = 1.0;
				PRODUCT_BUNDLE_IDENTIFIER = com.MC2.MuseTests;
				PRODUCT_NAME = "$(TARGET_NAME)";
				SWIFT_EMIT_LOC_STRINGS = NO;
				SWIFT_VERSION = 5.0;
				TARGETED_DEVICE_FAMILY = "1,2";
				TEST_HOST = "$(BUILT_PRODUCTS_DIR)/Muse.app/Muse";
			};
			name = Release;
		};
		84A7769B2852D80A001FC86E /* Debug */ = {
			isa = XCBuildConfiguration;
			buildSettings = {
				ALWAYS_EMBED_SWIFT_STANDARD_LIBRARIES = YES;
				CODE_SIGN_STYLE = Automatic;
				CURRENT_PROJECT_VERSION = 1;
				GENERATE_INFOPLIST_FILE = YES;
				MARKETING_VERSION = 1.0;
				PRODUCT_BUNDLE_IDENTIFIER = com.MC2.MuseUITests;
				PRODUCT_NAME = "$(TARGET_NAME)";
				SWIFT_EMIT_LOC_STRINGS = NO;
				SWIFT_VERSION = 5.0;
				TARGETED_DEVICE_FAMILY = "1,2";
				TEST_TARGET_NAME = Muse;
			};
			name = Debug;
		};
		84A7769C2852D80A001FC86E /* Release */ = {
			isa = XCBuildConfiguration;
			buildSettings = {
				ALWAYS_EMBED_SWIFT_STANDARD_LIBRARIES = YES;
				CODE_SIGN_STYLE = Automatic;
				CURRENT_PROJECT_VERSION = 1;
				GENERATE_INFOPLIST_FILE = YES;
				MARKETING_VERSION = 1.0;
				PRODUCT_BUNDLE_IDENTIFIER = com.MC2.MuseUITests;
				PRODUCT_NAME = "$(TARGET_NAME)";
				SWIFT_EMIT_LOC_STRINGS = NO;
				SWIFT_VERSION = 5.0;
				TARGETED_DEVICE_FAMILY = "1,2";
				TEST_TARGET_NAME = Muse;
			};
			name = Release;
		};
/* End XCBuildConfiguration section */

/* Begin XCConfigurationList section */
		84A7766B2852D809001FC86E /* Build configuration list for PBXProject "Muse" */ = {
			isa = XCConfigurationList;
			buildConfigurations = (
				84A776922852D80A001FC86E /* Debug */,
				84A776932852D80A001FC86E /* Release */,
			);
			defaultConfigurationIsVisible = 0;
			defaultConfigurationName = Release;
		};
		84A776942852D80A001FC86E /* Build configuration list for PBXNativeTarget "Muse" */ = {
			isa = XCConfigurationList;
			buildConfigurations = (
				84A776952852D80A001FC86E /* Debug */,
				84A776962852D80A001FC86E /* Release */,
			);
			defaultConfigurationIsVisible = 0;
			defaultConfigurationName = Release;
		};
		84A776972852D80A001FC86E /* Build configuration list for PBXNativeTarget "MuseTests" */ = {
			isa = XCConfigurationList;
			buildConfigurations = (
				84A776982852D80A001FC86E /* Debug */,
				84A776992852D80A001FC86E /* Release */,
			);
			defaultConfigurationIsVisible = 0;
			defaultConfigurationName = Release;
		};
		84A7769A2852D80A001FC86E /* Build configuration list for PBXNativeTarget "MuseUITests" */ = {
			isa = XCConfigurationList;
			buildConfigurations = (
				84A7769B2852D80A001FC86E /* Debug */,
				84A7769C2852D80A001FC86E /* Release */,
			);
			defaultConfigurationIsVisible = 0;
			defaultConfigurationName = Release;
		};
/* End XCConfigurationList section */

/* Begin XCRemoteSwiftPackageReference section */
		4452235C2858360500F456CD /* XCRemoteSwiftPackageReference "firebase-ios-sdk" */ = {
			isa = XCRemoteSwiftPackageReference;
			repositoryURL = "https://github.com/firebase/firebase-ios-sdk";
			requirement = {
				kind = upToNextMinorVersion;
				minimumVersion = 9.1.0;
			};
		};
/* End XCRemoteSwiftPackageReference section */

/* Begin XCSwiftPackageProductDependency section */
		4452235D2858360500F456CD /* FirebaseAuth */ = {
			isa = XCSwiftPackageProductDependency;
			package = 4452235C2858360500F456CD /* XCRemoteSwiftPackageReference "firebase-ios-sdk" */;
			productName = FirebaseAuth;
		};
		4452235F2858360500F456CD /* FirebaseDatabase */ = {
			isa = XCSwiftPackageProductDependency;
			package = 4452235C2858360500F456CD /* XCRemoteSwiftPackageReference "firebase-ios-sdk" */;
			productName = FirebaseDatabase;
		};
		445223612858360500F456CD /* FirebaseFirestore */ = {
			isa = XCSwiftPackageProductDependency;
			package = 4452235C2858360500F456CD /* XCRemoteSwiftPackageReference "firebase-ios-sdk" */;
			productName = FirebaseFirestore;
		};
		445223632858360500F456CD /* FirebaseStorage */ = {
			isa = XCSwiftPackageProductDependency;
			package = 4452235C2858360500F456CD /* XCRemoteSwiftPackageReference "firebase-ios-sdk" */;
			productName = FirebaseStorage;
		};
/* End XCSwiftPackageProductDependency section */
	};
	rootObject = 84A776682852D809001FC86E /* Project object */;
}
